// !$*UTF8*$!
{
	archiveVersion = 1;
	classes = {
	};
	objectVersion = 56;
	objects = {

/* Begin PBXBuildFile section */
		2C30F60229A9052C001F322C /* CreatePasswordView.swift in Sources */ = {isa = PBXBuildFile; fileRef = 2C30F60129A9052C001F322C /* CreatePasswordView.swift */; };
		2C30F60429A90538001F322C /* CreatePasswordVM.swift in Sources */ = {isa = PBXBuildFile; fileRef = 2C30F60329A90538001F322C /* CreatePasswordVM.swift */; };
		2C30F60729A92E0D001F322C /* CreatePatientView.swift in Sources */ = {isa = PBXBuildFile; fileRef = 2C30F60629A92E0D001F322C /* CreatePatientView.swift */; };
		2C30F60929A92EB5001F322C /* tf.swift in Sources */ = {isa = PBXBuildFile; fileRef = 2C30F60829A92EB5001F322C /* tf.swift */; };
		2C740F8D29A7D31500F12781 /* CheckingEmailView.swift in Sources */ = {isa = PBXBuildFile; fileRef = 2C740F8C29A7D31500F12781 /* CheckingEmailView.swift */; };
		2C904D0229A677330061304B /* Onboarding.swift in Sources */ = {isa = PBXBuildFile; fileRef = 2C904D0129A677330061304B /* Onboarding.swift */; };
		2C904D0429A678E20061304B /* Launch Screen.storyboard in Resources */ = {isa = PBXBuildFile; fileRef = 2C904D0329A678E20061304B /* Launch Screen.storyboard */; };
		2C904D0629A67B320061304B /* OnboardingVM.swift in Sources */ = {isa = PBXBuildFile; fileRef = 2C904D0529A67B320061304B /* OnboardingVM.swift */; };
		2C904D0829A681270061304B /* NavVM.swift in Sources */ = {isa = PBXBuildFile; fileRef = 2C904D0729A681270061304B /* NavVM.swift */; };
		2C904D0D29A696290061304B /* Register_Auth.swift in Sources */ = {isa = PBXBuildFile; fileRef = 2C904D0C29A696290061304B /* Register_Auth.swift */; };
		2C904D0F29A696750061304B /* Register_Auth_VM.swift in Sources */ = {isa = PBXBuildFile; fileRef = 2C904D0E29A696750061304B /* Register_Auth_VM.swift */; };
		2CB571E929A6507700278688 /* ImedicApp.swift in Sources */ = {isa = PBXBuildFile; fileRef = 2CB571E829A6507700278688 /* ImedicApp.swift */; };
		2CB571EB29A6507700278688 /* ParentView.swift in Sources */ = {isa = PBXBuildFile; fileRef = 2CB571EA29A6507700278688 /* ParentView.swift */; };
		2CB571ED29A6507900278688 /* Assets.xcassets in Resources */ = {isa = PBXBuildFile; fileRef = 2CB571EC29A6507900278688 /* Assets.xcassets */; };
		2CB571F029A6507900278688 /* Preview Assets.xcassets in Resources */ = {isa = PBXBuildFile; fileRef = 2CB571EF29A6507900278688 /* Preview Assets.xcassets */; };
		2CFF374629AB400700981131 /* CheckingEmailVM.swift in Sources */ = {isa = PBXBuildFile; fileRef = 2CFF374529AB400700981131 /* CheckingEmailVM.swift */; };
		2CFF374829ABBB7500981131 /* CreatePatientVM.swift in Sources */ = {isa = PBXBuildFile; fileRef = 2CFF374729ABBB7500981131 /* CreatePatientVM.swift */; };
		2CFF374B29ABC01600981131 /* Alamofire in Frameworks */ = {isa = PBXBuildFile; productRef = 2CFF374A29ABC01600981131 /* Alamofire */; };
/* End PBXBuildFile section */

/* Begin PBXFileReference section */
		2C30F60129A9052C001F322C /* CreatePasswordView.swift */ = {isa = PBXFileReference; lastKnownFileType = sourcecode.swift; path = CreatePasswordView.swift; sourceTree = "<group>"; };
		2C30F60329A90538001F322C /* CreatePasswordVM.swift */ = {isa = PBXFileReference; lastKnownFileType = sourcecode.swift; path = CreatePasswordVM.swift; sourceTree = "<group>"; };
		2C30F60629A92E0D001F322C /* CreatePatientView.swift */ = {isa = PBXFileReference; lastKnownFileType = sourcecode.swift; path = CreatePatientView.swift; sourceTree = "<group>"; };
		2C30F60829A92EB5001F322C /* tf.swift */ = {isa = PBXFileReference; lastKnownFileType = sourcecode.swift; path = tf.swift; sourceTree = "<group>"; };
		2C740F8C29A7D31500F12781 /* CheckingEmailView.swift */ = {isa = PBXFileReference; lastKnownFileType = sourcecode.swift; path = CheckingEmailView.swift; sourceTree = "<group>"; };
		2C904D0129A677330061304B /* Onboarding.swift */ = {isa = PBXFileReference; lastKnownFileType = sourcecode.swift; path = Onboarding.swift; sourceTree = "<group>"; };
		2C904D0329A678E20061304B /* Launch Screen.storyboard */ = {isa = PBXFileReference; lastKnownFileType = file.storyboard; path = "Launch Screen.storyboard"; sourceTree = "<group>"; };
		2C904D0529A67B320061304B /* OnboardingVM.swift */ = {isa = PBXFileReference; lastKnownFileType = sourcecode.swift; path = OnboardingVM.swift; sourceTree = "<group>"; };
		2C904D0729A681270061304B /* NavVM.swift */ = {isa = PBXFileReference; lastKnownFileType = sourcecode.swift; path = NavVM.swift; sourceTree = "<group>"; };
		2C904D0C29A696290061304B /* Register_Auth.swift */ = {isa = PBXFileReference; lastKnownFileType = sourcecode.swift; path = Register_Auth.swift; sourceTree = "<group>"; };
		2C904D0E29A696750061304B /* Register_Auth_VM.swift */ = {isa = PBXFileReference; lastKnownFileType = sourcecode.swift; path = Register_Auth_VM.swift; sourceTree = "<group>"; };
		2CB571E529A6507700278688 /* Imedic.app */ = {isa = PBXFileReference; explicitFileType = wrapper.application; includeInIndex = 0; path = Imedic.app; sourceTree = BUILT_PRODUCTS_DIR; };
		2CB571E829A6507700278688 /* ImedicApp.swift */ = {isa = PBXFileReference; lastKnownFileType = sourcecode.swift; path = ImedicApp.swift; sourceTree = "<group>"; };
		2CB571EA29A6507700278688 /* ParentView.swift */ = {isa = PBXFileReference; lastKnownFileType = sourcecode.swift; path = ParentView.swift; sourceTree = "<group>"; };
		2CB571EC29A6507900278688 /* Assets.xcassets */ = {isa = PBXFileReference; lastKnownFileType = folder.assetcatalog; path = Assets.xcassets; sourceTree = "<group>"; };
		2CB571EF29A6507900278688 /* Preview Assets.xcassets */ = {isa = PBXFileReference; lastKnownFileType = folder.assetcatalog; path = "Preview Assets.xcassets"; sourceTree = "<group>"; };
		2CFF374529AB400700981131 /* CheckingEmailVM.swift */ = {isa = PBXFileReference; lastKnownFileType = sourcecode.swift; path = CheckingEmailVM.swift; sourceTree = "<group>"; };
		2CFF374729ABBB7500981131 /* CreatePatientVM.swift */ = {isa = PBXFileReference; lastKnownFileType = sourcecode.swift; path = CreatePatientVM.swift; sourceTree = "<group>"; };
/* End PBXFileReference section */

/* Begin PBXFrameworksBuildPhase section */
		2CB571E229A6507600278688 /* Frameworks */ = {
			isa = PBXFrameworksBuildPhase;
			buildActionMask = 2147483647;
			files = (
				2CFF374B29ABC01600981131 /* Alamofire in Frameworks */,
			);
			runOnlyForDeploymentPostprocessing = 0;
		};
/* End PBXFrameworksBuildPhase section */

/* Begin PBXGroup section */
		2C30F60029A90511001F322C /* CreatePassword */ = {
			isa = PBXGroup;
			children = (
				2C30F60129A9052C001F322C /* CreatePasswordView.swift */,
				2C30F60329A90538001F322C /* CreatePasswordVM.swift */,
			);
			path = CreatePassword;
			sourceTree = "<group>";
		};
		2C30F60529A92DEE001F322C /* CreatePatient */ = {
			isa = PBXGroup;
			children = (
				2C30F60629A92E0D001F322C /* CreatePatientView.swift */,
				2CFF374729ABBB7500981131 /* CreatePatientVM.swift */,
			);
			path = CreatePatient;
			sourceTree = "<group>";
		};
		2C740F8B29A7D2F100F12781 /* CheckingEmail */ = {
			isa = PBXGroup;
			children = (
				2C740F8C29A7D31500F12781 /* CheckingEmailView.swift */,
				2CFF374529AB400700981131 /* CheckingEmailVM.swift */,
			);
			path = CheckingEmail;
			sourceTree = "<group>";
		};
		2C904D0929A695A50061304B /* Onboarding */ = {
			isa = PBXGroup;
			children = (
				2C904D0529A67B320061304B /* OnboardingVM.swift */,
				2C904D0129A677330061304B /* Onboarding.swift */,
			);
			path = Onboarding;
			sourceTree = "<group>";
		};
		2C904D0A29A695BB0061304B /* Common */ = {
			isa = PBXGroup;
			children = (
				2CB571EA29A6507700278688 /* ParentView.swift */,
				2C904D0729A681270061304B /* NavVM.swift */,
				2C30F60829A92EB5001F322C /* tf.swift */,
			);
			path = Common;
			sourceTree = "<group>";
		};
		2C904D0B29A695D90061304B /* Register_Auth */ = {
			isa = PBXGroup;
			children = (
				2C904D0C29A696290061304B /* Register_Auth.swift */,
				2C904D0E29A696750061304B /* Register_Auth_VM.swift */,
			);
			path = Register_Auth;
			sourceTree = "<group>";
		};
		2CB571DC29A6507600278688 = {
			isa = PBXGroup;
			children = (
				2CB571E729A6507700278688 /* Imedic */,
				2CB571E629A6507700278688 /* Products */,
			);
			sourceTree = "<group>";
		};
		2CB571E629A6507700278688 /* Products */ = {
			isa = PBXGroup;
			children = (
				2CB571E529A6507700278688 /* Imedic.app */,
			);
			name = Products;
			sourceTree = "<group>";
		};
		2CB571E729A6507700278688 /* Imedic */ = {
			isa = PBXGroup;
			children = (
				2C30F60529A92DEE001F322C /* CreatePatient */,
				2C30F60029A90511001F322C /* CreatePassword */,
				2C740F8B29A7D2F100F12781 /* CheckingEmail */,
				2C904D0A29A695BB0061304B /* Common */,
				2C904D0929A695A50061304B /* Onboarding */,
				2CB571E829A6507700278688 /* ImedicApp.swift */,
				2C904D0B29A695D90061304B /* Register_Auth */,
				2CB571EC29A6507900278688 /* Assets.xcassets */,
				2CB571EE29A6507900278688 /* Preview Content */,
				2C904D0329A678E20061304B /* Launch Screen.storyboard */,
			);
			path = Imedic;
			sourceTree = "<group>";
		};
		2CB571EE29A6507900278688 /* Preview Content */ = {
			isa = PBXGroup;
			children = (
				2CB571EF29A6507900278688 /* Preview Assets.xcassets */,
			);
			path = "Preview Content";
			sourceTree = "<group>";
		};
/* End PBXGroup section */

/* Begin PBXNativeTarget section */
		2CB571E429A6507600278688 /* Imedic */ = {
			isa = PBXNativeTarget;
			buildConfigurationList = 2CB571F329A6507900278688 /* Build configuration list for PBXNativeTarget "Imedic" */;
			buildPhases = (
				2CB571E129A6507600278688 /* Sources */,
				2CB571E229A6507600278688 /* Frameworks */,
				2CB571E329A6507600278688 /* Resources */,
			);
			buildRules = (
			);
			dependencies = (
			);
			name = Imedic;
			packageProductDependencies = (
				2CFF374A29ABC01600981131 /* Alamofire */,
			);
			productName = Imedic;
			productReference = 2CB571E529A6507700278688 /* Imedic.app */;
			productType = "com.apple.product-type.application";
		};
/* End PBXNativeTarget section */

/* Begin PBXProject section */
		2CB571DD29A6507600278688 /* Project object */ = {
			isa = PBXProject;
			attributes = {
				BuildIndependentTargetsInParallel = 1;
				LastSwiftUpdateCheck = 1420;
				LastUpgradeCheck = 1420;
				TargetAttributes = {
					2CB571E429A6507600278688 = {
						CreatedOnToolsVersion = 14.2;
					};
				};
			};
			buildConfigurationList = 2CB571E029A6507600278688 /* Build configuration list for PBXProject "Imedic" */;
			compatibilityVersion = "Xcode 14.0";
			developmentRegion = en;
			hasScannedForEncodings = 0;
			knownRegions = (
				en,
				Base,
			);
			mainGroup = 2CB571DC29A6507600278688;
			packageReferences = (
				2CFF374929ABC01600981131 /* XCRemoteSwiftPackageReference "Alamofire" */,
			);
			productRefGroup = 2CB571E629A6507700278688 /* Products */;
			projectDirPath = "";
			projectRoot = "";
			targets = (
				2CB571E429A6507600278688 /* Imedic */,
			);
		};
/* End PBXProject section */

/* Begin PBXResourcesBuildPhase section */
		2CB571E329A6507600278688 /* Resources */ = {
			isa = PBXResourcesBuildPhase;
			buildActionMask = 2147483647;
			files = (
				2C904D0429A678E20061304B /* Launch Screen.storyboard in Resources */,
				2CB571F029A6507900278688 /* Preview Assets.xcassets in Resources */,
				2CB571ED29A6507900278688 /* Assets.xcassets in Resources */,
			);
			runOnlyForDeploymentPostprocessing = 0;
		};
/* End PBXResourcesBuildPhase section */

/* Begin PBXSourcesBuildPhase section */
		2CB571E129A6507600278688 /* Sources */ = {
			isa = PBXSourcesBuildPhase;
			buildActionMask = 2147483647;
			files = (
				2CFF374829ABBB7500981131 /* CreatePatientVM.swift in Sources */,
				2C904D0229A677330061304B /* Onboarding.swift in Sources */,
				2CFF374629AB400700981131 /* CheckingEmailVM.swift in Sources */,
				2C30F60729A92E0D001F322C /* CreatePatientView.swift in Sources */,
				2C740F8D29A7D31500F12781 /* CheckingEmailView.swift in Sources */,
				2C30F60429A90538001F322C /* CreatePasswordVM.swift in Sources */,
				2C904D0829A681270061304B /* NavVM.swift in Sources */,
				2C904D0D29A696290061304B /* Register_Auth.swift in Sources */,
				2CB571EB29A6507700278688 /* ParentView.swift in Sources */,
				2C904D0F29A696750061304B /* Register_Auth_VM.swift in Sources */,
				2C30F60229A9052C001F322C /* CreatePasswordView.swift in Sources */,
				2CB571E929A6507700278688 /* ImedicApp.swift in Sources */,
				2C904D0629A67B320061304B /* OnboardingVM.swift in Sources */,
				2C30F60929A92EB5001F322C /* tf.swift in Sources */,
			);
			runOnlyForDeploymentPostprocessing = 0;
		};
/* End PBXSourcesBuildPhase section */

/* Begin XCBuildConfiguration section */
		2CB571F129A6507900278688 /* Debug */ = {
			isa = XCBuildConfiguration;
			buildSettings = {
				ALWAYS_SEARCH_USER_PATHS = NO;
				CLANG_ANALYZER_NONNULL = YES;
				CLANG_ANALYZER_NUMBER_OBJECT_CONVERSION = YES_AGGRESSIVE;
				CLANG_CXX_LANGUAGE_STANDARD = "gnu++20";
				CLANG_ENABLE_MODULES = YES;
				CLANG_ENABLE_OBJC_ARC = YES;
				CLANG_ENABLE_OBJC_WEAK = YES;
				CLANG_WARN_BLOCK_CAPTURE_AUTORELEASING = YES;
				CLANG_WARN_BOOL_CONVERSION = YES;
				CLANG_WARN_COMMA = YES;
				CLANG_WARN_CONSTANT_CONVERSION = YES;
				CLANG_WARN_DEPRECATED_OBJC_IMPLEMENTATIONS = YES;
				CLANG_WARN_DIRECT_OBJC_ISA_USAGE = YES_ERROR;
				CLANG_WARN_DOCUMENTATION_COMMENTS = YES;
				CLANG_WARN_EMPTY_BODY = YES;
				CLANG_WARN_ENUM_CONVERSION = YES;
				CLANG_WARN_INFINITE_RECURSION = YES;
				CLANG_WARN_INT_CONVERSION = YES;
				CLANG_WARN_NON_LITERAL_NULL_CONVERSION = YES;
				CLANG_WARN_OBJC_IMPLICIT_RETAIN_SELF = YES;
				CLANG_WARN_OBJC_LITERAL_CONVERSION = YES;
				CLANG_WARN_OBJC_ROOT_CLASS = YES_ERROR;
				CLANG_WARN_QUOTED_INCLUDE_IN_FRAMEWORK_HEADER = YES;
				CLANG_WARN_RANGE_LOOP_ANALYSIS = YES;
				CLANG_WARN_STRICT_PROTOTYPES = YES;
				CLANG_WARN_SUSPICIOUS_MOVE = YES;
				CLANG_WARN_UNGUARDED_AVAILABILITY = YES_AGGRESSIVE;
				CLANG_WARN_UNREACHABLE_CODE = YES;
				CLANG_WARN__DUPLICATE_METHOD_MATCH = YES;
				COPY_PHASE_STRIP = NO;
				DEBUG_INFORMATION_FORMAT = dwarf;
				ENABLE_STRICT_OBJC_MSGSEND = YES;
				ENABLE_TESTABILITY = YES;
				GCC_C_LANGUAGE_STANDARD = gnu11;
				GCC_DYNAMIC_NO_PIC = NO;
				GCC_NO_COMMON_BLOCKS = YES;
				GCC_OPTIMIZATION_LEVEL = 0;
				GCC_PREPROCESSOR_DEFINITIONS = (
					"DEBUG=1",
					"$(inherited)",
				);
				GCC_WARN_64_TO_32_BIT_CONVERSION = YES;
				GCC_WARN_ABOUT_RETURN_TYPE = YES_ERROR;
				GCC_WARN_UNDECLARED_SELECTOR = YES;
				GCC_WARN_UNINITIALIZED_AUTOS = YES_AGGRESSIVE;
				GCC_WARN_UNUSED_FUNCTION = YES;
				GCC_WARN_UNUSED_VARIABLE = YES;
				IPHONEOS_DEPLOYMENT_TARGET = 16.2;
				MTL_ENABLE_DEBUG_INFO = INCLUDE_SOURCE;
				MTL_FAST_MATH = YES;
				ONLY_ACTIVE_ARCH = YES;
				SDKROOT = iphoneos;
				SWIFT_ACTIVE_COMPILATION_CONDITIONS = DEBUG;
				SWIFT_OPTIMIZATION_LEVEL = "-Onone";
			};
			name = Debug;
		};
		2CB571F229A6507900278688 /* Release */ = {
			isa = XCBuildConfiguration;
			buildSettings = {
				ALWAYS_SEARCH_USER_PATHS = NO;
				CLANG_ANALYZER_NONNULL = YES;
				CLANG_ANALYZER_NUMBER_OBJECT_CONVERSION = YES_AGGRESSIVE;
				CLANG_CXX_LANGUAGE_STANDARD = "gnu++20";
				CLANG_ENABLE_MODULES = YES;
				CLANG_ENABLE_OBJC_ARC = YES;
				CLANG_ENABLE_OBJC_WEAK = YES;
				CLANG_WARN_BLOCK_CAPTURE_AUTORELEASING = YES;
				CLANG_WARN_BOOL_CONVERSION = YES;
				CLANG_WARN_COMMA = YES;
				CLANG_WARN_CONSTANT_CONVERSION = YES;
				CLANG_WARN_DEPRECATED_OBJC_IMPLEMENTATIONS = YES;
				CLANG_WARN_DIRECT_OBJC_ISA_USAGE = YES_ERROR;
				CLANG_WARN_DOCUMENTATION_COMMENTS = YES;
				CLANG_WARN_EMPTY_BODY = YES;
				CLANG_WARN_ENUM_CONVERSION = YES;
				CLANG_WARN_INFINITE_RECURSION = YES;
				CLANG_WARN_INT_CONVERSION = YES;
				CLANG_WARN_NON_LITERAL_NULL_CONVERSION = YES;
				CLANG_WARN_OBJC_IMPLICIT_RETAIN_SELF = YES;
				CLANG_WARN_OBJC_LITERAL_CONVERSION = YES;
				CLANG_WARN_OBJC_ROOT_CLASS = YES_ERROR;
				CLANG_WARN_QUOTED_INCLUDE_IN_FRAMEWORK_HEADER = YES;
				CLANG_WARN_RANGE_LOOP_ANALYSIS = YES;
				CLANG_WARN_STRICT_PROTOTYPES = YES;
				CLANG_WARN_SUSPICIOUS_MOVE = YES;
				CLANG_WARN_UNGUARDED_AVAILABILITY = YES_AGGRESSIVE;
				CLANG_WARN_UNREACHABLE_CODE = YES;
				CLANG_WARN__DUPLICATE_METHOD_MATCH = YES;
				COPY_PHASE_STRIP = NO;
				DEBUG_INFORMATION_FORMAT = "dwarf-with-dsym";
				ENABLE_NS_ASSERTIONS = NO;
				ENABLE_STRICT_OBJC_MSGSEND = YES;
				GCC_C_LANGUAGE_STANDARD = gnu11;
				GCC_NO_COMMON_BLOCKS = YES;
				GCC_WARN_64_TO_32_BIT_CONVERSION = YES;
				GCC_WARN_ABOUT_RETURN_TYPE = YES_ERROR;
				GCC_WARN_UNDECLARED_SELECTOR = YES;
				GCC_WARN_UNINITIALIZED_AUTOS = YES_AGGRESSIVE;
				GCC_WARN_UNUSED_FUNCTION = YES;
				GCC_WARN_UNUSED_VARIABLE = YES;
				IPHONEOS_DEPLOYMENT_TARGET = 16.2;
				MTL_ENABLE_DEBUG_INFO = NO;
				MTL_FAST_MATH = YES;
				SDKROOT = iphoneos;
				SWIFT_COMPILATION_MODE = wholemodule;
				SWIFT_OPTIMIZATION_LEVEL = "-O";
				VALIDATE_PRODUCT = YES;
			};
			name = Release;
		};
		2CB571F429A6507900278688 /* Debug */ = {
			isa = XCBuildConfiguration;
			buildSettings = {
				ASSETCATALOG_COMPILER_APPICON_NAME = AppIcon;
				ASSETCATALOG_COMPILER_GLOBAL_ACCENT_COLOR_NAME = AccentColor;
				CODE_SIGN_STYLE = Automatic;
				CURRENT_PROJECT_VERSION = 1;
				DEVELOPMENT_ASSET_PATHS = "\"Imedic/Preview Content\"";
				ENABLE_PREVIEWS = YES;
				GENERATE_INFOPLIST_FILE = YES;
				INFOPLIST_KEY_UIApplicationSceneManifest_Generation = YES;
				INFOPLIST_KEY_UIApplicationSupportsIndirectInputEvents = YES;
				INFOPLIST_KEY_UILaunchScreen_Generation = YES;
				INFOPLIST_KEY_UILaunchStoryboardName = "Launch Screen.storyboard";
				INFOPLIST_KEY_UISupportedInterfaceOrientations_iPad = "UIInterfaceOrientationPortrait UIInterfaceOrientationPortraitUpsideDown UIInterfaceOrientationLandscapeLeft UIInterfaceOrientationLandscapeRight";
				INFOPLIST_KEY_UISupportedInterfaceOrientations_iPhone = "UIInterfaceOrientationPortrait UIInterfaceOrientationLandscapeLeft UIInterfaceOrientationLandscapeRight";
				IPHONEOS_DEPLOYMENT_TARGET = 14.0;
				LD_RUNPATH_SEARCH_PATHS = (
					"$(inherited)",
					"@executable_path/Frameworks",
				);
				MARKETING_VERSION = 1.0;
				PRODUCT_BUNDLE_IDENTIFIER = a.Imedic;
				PRODUCT_NAME = "$(TARGET_NAME)";
				SWIFT_EMIT_LOC_STRINGS = YES;
				SWIFT_VERSION = 5.0;
				TARGETED_DEVICE_FAMILY = "1,2";
			};
			name = Debug;
		};
		2CB571F529A6507900278688 /* Release */ = {
			isa = XCBuildConfiguration;
			buildSettings = {
				ASSETCATALOG_COMPILER_APPICON_NAME = AppIcon;
				ASSETCATALOG_COMPILER_GLOBAL_ACCENT_COLOR_NAME = AccentColor;
				CODE_SIGN_STYLE = Automatic;
				CURRENT_PROJECT_VERSION = 1;
				DEVELOPMENT_ASSET_PATHS = "\"Imedic/Preview Content\"";
				ENABLE_PREVIEWS = YES;
				GENERATE_INFOPLIST_FILE = YES;
				INFOPLIST_KEY_UIApplicationSceneManifest_Generation = YES;
				INFOPLIST_KEY_UIApplicationSupportsIndirectInputEvents = YES;
				INFOPLIST_KEY_UILaunchScreen_Generation = YES;
				INFOPLIST_KEY_UILaunchStoryboardName = "Launch Screen.storyboard";
				INFOPLIST_KEY_UISupportedInterfaceOrientations_iPad = "UIInterfaceOrientationPortrait UIInterfaceOrientationPortraitUpsideDown UIInterfaceOrientationLandscapeLeft UIInterfaceOrientationLandscapeRight";
				INFOPLIST_KEY_UISupportedInterfaceOrientations_iPhone = "UIInterfaceOrientationPortrait UIInterfaceOrientationLandscapeLeft UIInterfaceOrientationLandscapeRight";
				IPHONEOS_DEPLOYMENT_TARGET = 14.0;
				LD_RUNPATH_SEARCH_PATHS = (
					"$(inherited)",
					"@executable_path/Frameworks",
				);
				MARKETING_VERSION = 1.0;
				PRODUCT_BUNDLE_IDENTIFIER = a.Imedic;
				PRODUCT_NAME = "$(TARGET_NAME)";
				SWIFT_EMIT_LOC_STRINGS = YES;
				SWIFT_VERSION = 5.0;
				TARGETED_DEVICE_FAMILY = "1,2";
			};
			name = Release;
		};
/* End XCBuildConfiguration section */

/* Begin XCConfigurationList section */
		2CB571E029A6507600278688 /* Build configuration list for PBXProject "Imedic" */ = {
			isa = XCConfigurationList;
			buildConfigurations = (
				2CB571F129A6507900278688 /* Debug */,
				2CB571F229A6507900278688 /* Release */,
			);
			defaultConfigurationIsVisible = 0;
			defaultConfigurationName = Release;
		};
		2CB571F329A6507900278688 /* Build configuration list for PBXNativeTarget "Imedic" */ = {
			isa = XCConfigurationList;
			buildConfigurations = (
				2CB571F429A6507900278688 /* Debug */,
				2CB571F529A6507900278688 /* Release */,
			);
			defaultConfigurationIsVisible = 0;
			defaultConfigurationName = Release;
		};
/* End XCConfigurationList section */

/* Begin XCRemoteSwiftPackageReference section */
		2CFF374929ABC01600981131 /* XCRemoteSwiftPackageReference "Alamofire" */ = {
			isa = XCRemoteSwiftPackageReference;
			repositoryURL = "https://github.com/Alamofire/Alamofire";
			requirement = {
				branch = master;
				kind = branch;
			};
		};
/* End XCRemoteSwiftPackageReference section */

/* Begin XCSwiftPackageProductDependency section */
		2CFF374A29ABC01600981131 /* Alamofire */ = {
			isa = XCSwiftPackageProductDependency;
			package = 2CFF374929ABC01600981131 /* XCRemoteSwiftPackageReference "Alamofire" */;
			productName = Alamofire;
		};
/* End XCSwiftPackageProductDependency section */
	};
	rootObject = 2CB571DD29A6507600278688 /* Project object */;
}
