// !$*UTF8*$!
{
	archiveVersion = 1;
	classes = {
	};
	objectVersion = 56;
	objects = {

/* Begin PBXBuildFile section */
		2C089DE029B494F3005A2CCE /* UserVM.swift in Sources */ = {isa = PBXBuildFile; fileRef = 2C089DDF29B494F3005A2CCE /* UserVM.swift */; };
		2C13F32C29BF538800867A49 /* OrderView.swift in Sources */ = {isa = PBXBuildFile; fileRef = 2C13F32B29BF538800867A49 /* OrderView.swift */; };
		2C13F32E29BF77B100867A49 /* OrderVM.swift in Sources */ = {isa = PBXBuildFile; fileRef = 2C13F32D29BF77B100867A49 /* OrderVM.swift */; };
		2C209F1129C1B2AF008BEE58 /* PercentageFromScreen.swift in Sources */ = {isa = PBXBuildFile; fileRef = 2C209F1029C1B2AF008BEE58 /* PercentageFromScreen.swift */; };
		2C2D32AA29BDD1740091D1C4 /* PreloaderVM.swift in Sources */ = {isa = PBXBuildFile; fileRef = 2C2D32A929BDD1740091D1C4 /* PreloaderVM.swift */; };
		2C2D32AD29BDD18C0091D1C4 /* PreloaderView.swift in Sources */ = {isa = PBXBuildFile; fileRef = 2C2D32AC29BDD18C0091D1C4 /* PreloaderView.swift */; };
		2C30F60229A9052C001F322C /* CreatePasswordView.swift in Sources */ = {isa = PBXBuildFile; fileRef = 2C30F60129A9052C001F322C /* CreatePasswordView.swift */; };
		2C30F60429A90538001F322C /* CreatePasswordVM.swift in Sources */ = {isa = PBXBuildFile; fileRef = 2C30F60329A90538001F322C /* CreatePasswordVM.swift */; };
		2C30F60729A92E0D001F322C /* CreatePatientView.swift in Sources */ = {isa = PBXBuildFile; fileRef = 2C30F60629A92E0D001F322C /* CreatePatientView.swift */; };
		2C30F60929A92EB5001F322C /* tf.swift in Sources */ = {isa = PBXBuildFile; fileRef = 2C30F60829A92EB5001F322C /* tf.swift */; };
		2C4CD4E729B222B90085F560 /* CartView.swift in Sources */ = {isa = PBXBuildFile; fileRef = 2C4CD4E629B222B90085F560 /* CartView.swift */; };
		2C4CD4E929B22C4C0085F560 /* AnCartParentView.swift in Sources */ = {isa = PBXBuildFile; fileRef = 2C4CD4E829B22C4C0085F560 /* AnCartParentView.swift */; };
		2C562FA729BDB6CC0047774F /* CartPersistenceController.swift in Sources */ = {isa = PBXBuildFile; fileRef = 2C562FA629BDB6CC0047774F /* CartPersistenceController.swift */; };
		2C740F8D29A7D31500F12781 /* CheckingEmailView.swift in Sources */ = {isa = PBXBuildFile; fileRef = 2C740F8C29A7D31500F12781 /* CheckingEmailView.swift */; };
		2C904D0229A677330061304B /* Onboarding.swift in Sources */ = {isa = PBXBuildFile; fileRef = 2C904D0129A677330061304B /* Onboarding.swift */; };
		2C904D0429A678E20061304B /* Launch Screen.storyboard in Resources */ = {isa = PBXBuildFile; fileRef = 2C904D0329A678E20061304B /* Launch Screen.storyboard */; };
		2C904D0629A67B320061304B /* OnboardingVM.swift in Sources */ = {isa = PBXBuildFile; fileRef = 2C904D0529A67B320061304B /* OnboardingVM.swift */; };
		2C904D0829A681270061304B /* NavVM.swift in Sources */ = {isa = PBXBuildFile; fileRef = 2C904D0729A681270061304B /* NavVM.swift */; };
		2C904D0D29A696290061304B /* Register_Auth.swift in Sources */ = {isa = PBXBuildFile; fileRef = 2C904D0C29A696290061304B /* Register_Auth.swift */; };
		2C904D0F29A696750061304B /* Register_Auth_VM.swift in Sources */ = {isa = PBXBuildFile; fileRef = 2C904D0E29A696750061304B /* Register_Auth_VM.swift */; };
		2CB3437929ACD89E008A8716 /* AnView.swift in Sources */ = {isa = PBXBuildFile; fileRef = 2CB3437829ACD89E008A8716 /* AnView.swift */; };
		2CB3437B29ACD8B2008A8716 /* AnCartVM.swift in Sources */ = {isa = PBXBuildFile; fileRef = 2CB3437A29ACD8B2008A8716 /* AnCartVM.swift */; };
		2CB3437D29ACE403008A8716 /* UserView.swift in Sources */ = {isa = PBXBuildFile; fileRef = 2CB3437C29ACE403008A8716 /* UserView.swift */; };
		2CB3438029ACE69B008A8716 /* SDWebImageSwiftUI in Frameworks */ = {isa = PBXBuildFile; productRef = 2CB3437F29ACE69B008A8716 /* SDWebImageSwiftUI */; };
		2CB571E929A6507700278688 /* ImedicApp.swift in Sources */ = {isa = PBXBuildFile; fileRef = 2CB571E829A6507700278688 /* ImedicApp.swift */; };
		2CB571EB29A6507700278688 /* ParentView.swift in Sources */ = {isa = PBXBuildFile; fileRef = 2CB571EA29A6507700278688 /* ParentView.swift */; };
		2CB571ED29A6507900278688 /* Assets.xcassets in Resources */ = {isa = PBXBuildFile; fileRef = 2CB571EC29A6507900278688 /* Assets.xcassets */; };
		2CB571F029A6507900278688 /* Preview Assets.xcassets in Resources */ = {isa = PBXBuildFile; fileRef = 2CB571EF29A6507900278688 /* Preview Assets.xcassets */; };
		2CE9DE9029C0AF1700D97105 /* SupView.swift in Sources */ = {isa = PBXBuildFile; fileRef = 2CE9DE8F29C0AF1700D97105 /* SupView.swift */; };
		2CE9DE9229C0AF2800D97105 /* ResView.swift in Sources */ = {isa = PBXBuildFile; fileRef = 2CE9DE9129C0AF2800D97105 /* ResView.swift */; };
		2CE9EFCC29B9F7CD0066C3EA /* CartDataModel.xcdatamodeld in Sources */ = {isa = PBXBuildFile; fileRef = 2CE9EFCA29B9F7CD0066C3EA /* CartDataModel.xcdatamodeld */; };
		2CFF15FA29AC94F800F90A3D /* MainView.swift in Sources */ = {isa = PBXBuildFile; fileRef = 2CFF15F929AC94F800F90A3D /* MainView.swift */; };
		2CFF15FC29AC950200F90A3D /* MainVM.swift in Sources */ = {isa = PBXBuildFile; fileRef = 2CFF15FB29AC950200F90A3D /* MainVM.swift */; };
		2CFF15FE29AC951800F90A3D /* AnModel.swift in Sources */ = {isa = PBXBuildFile; fileRef = 2CFF15FD29AC951800F90A3D /* AnModel.swift */; };
		2CFF374629AB400700981131 /* CheckingEmailVM.swift in Sources */ = {isa = PBXBuildFile; fileRef = 2CFF374529AB400700981131 /* CheckingEmailVM.swift */; };
		2CFF374829ABBB7500981131 /* CreatePatientVM.swift in Sources */ = {isa = PBXBuildFile; fileRef = 2CFF374729ABBB7500981131 /* CreatePatientVM.swift */; };
		2CFF374B29ABC01600981131 /* Alamofire in Frameworks */ = {isa = PBXBuildFile; productRef = 2CFF374A29ABC01600981131 /* Alamofire */; };
		2CFF374D29ABC15100981131 /* Register_Auth_Model.swift in Sources */ = {isa = PBXBuildFile; fileRef = 2CFF374C29ABC15100981131 /* Register_Auth_Model.swift */; };
		2CFF374F29ABC83700981131 /* CheckingEmailModel.swift in Sources */ = {isa = PBXBuildFile; fileRef = 2CFF374E29ABC83700981131 /* CheckingEmailModel.swift */; };
/* End PBXBuildFile section */

/* Begin PBXFileReference section */
		2C089DDF29B494F3005A2CCE /* UserVM.swift */ = {isa = PBXFileReference; lastKnownFileType = sourcecode.swift; path = UserVM.swift; sourceTree = "<group>"; };
		2C13F32B29BF538800867A49 /* OrderView.swift */ = {isa = PBXFileReference; lastKnownFileType = sourcecode.swift; path = OrderView.swift; sourceTree = "<group>"; };
		2C13F32D29BF77B100867A49 /* OrderVM.swift */ = {isa = PBXFileReference; lastKnownFileType = sourcecode.swift; path = OrderVM.swift; sourceTree = "<group>"; };
		2C209F1029C1B2AF008BEE58 /* PercentageFromScreen.swift */ = {isa = PBXFileReference; lastKnownFileType = sourcecode.swift; path = PercentageFromScreen.swift; sourceTree = "<group>"; };
		2C2D32A929BDD1740091D1C4 /* PreloaderVM.swift */ = {isa = PBXFileReference; lastKnownFileType = sourcecode.swift; path = PreloaderVM.swift; sourceTree = "<group>"; };
		2C2D32AC29BDD18C0091D1C4 /* PreloaderView.swift */ = {isa = PBXFileReference; lastKnownFileType = sourcecode.swift; path = PreloaderView.swift; sourceTree = "<group>"; };
		2C30F60129A9052C001F322C /* CreatePasswordView.swift */ = {isa = PBXFileReference; lastKnownFileType = sourcecode.swift; path = CreatePasswordView.swift; sourceTree = "<group>"; };
		2C30F60329A90538001F322C /* CreatePasswordVM.swift */ = {isa = PBXFileReference; lastKnownFileType = sourcecode.swift; path = CreatePasswordVM.swift; sourceTree = "<group>"; };
		2C30F60629A92E0D001F322C /* CreatePatientView.swift */ = {isa = PBXFileReference; lastKnownFileType = sourcecode.swift; path = CreatePatientView.swift; sourceTree = "<group>"; };
		2C30F60829A92EB5001F322C /* tf.swift */ = {isa = PBXFileReference; lastKnownFileType = sourcecode.swift; path = tf.swift; sourceTree = "<group>"; };
		2C4CD4E629B222B90085F560 /* CartView.swift */ = {isa = PBXFileReference; lastKnownFileType = sourcecode.swift; path = CartView.swift; sourceTree = "<group>"; };
		2C4CD4E829B22C4C0085F560 /* AnCartParentView.swift */ = {isa = PBXFileReference; lastKnownFileType = sourcecode.swift; path = AnCartParentView.swift; sourceTree = "<group>"; };
		2C562FA629BDB6CC0047774F /* CartPersistenceController.swift */ = {isa = PBXFileReference; lastKnownFileType = sourcecode.swift; path = CartPersistenceController.swift; sourceTree = "<group>"; };
		2C740F8C29A7D31500F12781 /* CheckingEmailView.swift */ = {isa = PBXFileReference; lastKnownFileType = sourcecode.swift; path = CheckingEmailView.swift; sourceTree = "<group>"; };
		2C904D0129A677330061304B /* Onboarding.swift */ = {isa = PBXFileReference; lastKnownFileType = sourcecode.swift; path = Onboarding.swift; sourceTree = "<group>"; };
		2C904D0329A678E20061304B /* Launch Screen.storyboard */ = {isa = PBXFileReference; lastKnownFileType = file.storyboard; path = "Launch Screen.storyboard"; sourceTree = "<group>"; };
		2C904D0529A67B320061304B /* OnboardingVM.swift */ = {isa = PBXFileReference; lastKnownFileType = sourcecode.swift; path = OnboardingVM.swift; sourceTree = "<group>"; };
		2C904D0729A681270061304B /* NavVM.swift */ = {isa = PBXFileReference; lastKnownFileType = sourcecode.swift; path = NavVM.swift; sourceTree = "<group>"; };
		2C904D0C29A696290061304B /* Register_Auth.swift */ = {isa = PBXFileReference; lastKnownFileType = sourcecode.swift; path = Register_Auth.swift; sourceTree = "<group>"; };
		2C904D0E29A696750061304B /* Register_Auth_VM.swift */ = {isa = PBXFileReference; lastKnownFileType = sourcecode.swift; path = Register_Auth_VM.swift; sourceTree = "<group>"; };
		2CB3437829ACD89E008A8716 /* AnView.swift */ = {isa = PBXFileReference; lastKnownFileType = sourcecode.swift; path = AnView.swift; sourceTree = "<group>"; };
		2CB3437A29ACD8B2008A8716 /* AnCartVM.swift */ = {isa = PBXFileReference; lastKnownFileType = sourcecode.swift; path = AnCartVM.swift; sourceTree = "<group>"; };
		2CB3437C29ACE403008A8716 /* UserView.swift */ = {isa = PBXFileReference; lastKnownFileType = sourcecode.swift; path = UserView.swift; sourceTree = "<group>"; };
		2CB571E529A6507700278688 /* Imedic.app */ = {isa = PBXFileReference; explicitFileType = wrapper.application; includeInIndex = 0; path = Imedic.app; sourceTree = BUILT_PRODUCTS_DIR; };
		2CB571E829A6507700278688 /* ImedicApp.swift */ = {isa = PBXFileReference; lastKnownFileType = sourcecode.swift; path = ImedicApp.swift; sourceTree = "<group>"; };
		2CB571EA29A6507700278688 /* ParentView.swift */ = {isa = PBXFileReference; lastKnownFileType = sourcecode.swift; path = ParentView.swift; sourceTree = "<group>"; };
		2CB571EC29A6507900278688 /* Assets.xcassets */ = {isa = PBXFileReference; lastKnownFileType = folder.assetcatalog; path = Assets.xcassets; sourceTree = "<group>"; };
		2CB571EF29A6507900278688 /* Preview Assets.xcassets */ = {isa = PBXFileReference; lastKnownFileType = folder.assetcatalog; path = "Preview Assets.xcassets"; sourceTree = "<group>"; };
		2CE9DE8F29C0AF1700D97105 /* SupView.swift */ = {isa = PBXFileReference; fileEncoding = 4; lastKnownFileType = sourcecode.swift; path = SupView.swift; sourceTree = "<group>"; };
		2CE9DE9129C0AF2800D97105 /* ResView.swift */ = {isa = PBXFileReference; fileEncoding = 4; lastKnownFileType = sourcecode.swift; path = ResView.swift; sourceTree = "<group>"; };
		2CE9EFCB29B9F7CD0066C3EA /* CartDataModel.xcdatamodel */ = {isa = PBXFileReference; lastKnownFileType = wrapper.xcdatamodel; path = CartDataModel.xcdatamodel; sourceTree = "<group>"; };
		2CFF15F929AC94F800F90A3D /* MainView.swift */ = {isa = PBXFileReference; lastKnownFileType = sourcecode.swift; path = MainView.swift; sourceTree = "<group>"; };
		2CFF15FB29AC950200F90A3D /* MainVM.swift */ = {isa = PBXFileReference; lastKnownFileType = sourcecode.swift; path = MainVM.swift; sourceTree = "<group>"; };
		2CFF15FD29AC951800F90A3D /* AnModel.swift */ = {isa = PBXFileReference; lastKnownFileType = sourcecode.swift; path = AnModel.swift; sourceTree = "<group>"; };
		2CFF374529AB400700981131 /* CheckingEmailVM.swift */ = {isa = PBXFileReference; lastKnownFileType = sourcecode.swift; path = CheckingEmailVM.swift; sourceTree = "<group>"; };
		2CFF374729ABBB7500981131 /* CreatePatientVM.swift */ = {isa = PBXFileReference; lastKnownFileType = sourcecode.swift; path = CreatePatientVM.swift; sourceTree = "<group>"; };
		2CFF374C29ABC15100981131 /* Register_Auth_Model.swift */ = {isa = PBXFileReference; lastKnownFileType = sourcecode.swift; path = Register_Auth_Model.swift; sourceTree = "<group>"; };
		2CFF374E29ABC83700981131 /* CheckingEmailModel.swift */ = {isa = PBXFileReference; lastKnownFileType = sourcecode.swift; path = CheckingEmailModel.swift; sourceTree = "<group>"; };
/* End PBXFileReference section */

/* Begin PBXFrameworksBuildPhase section */
		2CB571E229A6507600278688 /* Frameworks */ = {
			isa = PBXFrameworksBuildPhase;
			buildActionMask = 2147483647;
			files = (
				2CB3438029ACE69B008A8716 /* SDWebImageSwiftUI in Frameworks */,
				2CFF374B29ABC01600981131 /* Alamofire in Frameworks */,
			);
			runOnlyForDeploymentPostprocessing = 0;
		};
/* End PBXFrameworksBuildPhase section */

/* Begin PBXGroup section */
		2C13F32A29BF537500867A49 /* Order */ = {
			isa = PBXGroup;
			children = (
				2C13F32B29BF538800867A49 /* OrderView.swift */,
				2C13F32D29BF77B100867A49 /* OrderVM.swift */,
			);
			path = Order;
			sourceTree = "<group>";
		};
		2C2D32AB29BDD17A0091D1C4 /* Preloader */ = {
			isa = PBXGroup;
			children = (
				2C2D32A929BDD1740091D1C4 /* PreloaderVM.swift */,
				2C2D32AC29BDD18C0091D1C4 /* PreloaderView.swift */,
			);
			path = Preloader;
			sourceTree = "<group>";
		};
		2C30F60029A90511001F322C /* CreatePassword */ = {
			isa = PBXGroup;
			children = (
				2C30F60129A9052C001F322C /* CreatePasswordView.swift */,
				2C30F60329A90538001F322C /* CreatePasswordVM.swift */,
			);
			path = CreatePassword;
			sourceTree = "<group>";
		};
		2C30F60529A92DEE001F322C /* CreatePatient */ = {
			isa = PBXGroup;
			children = (
				2C30F60629A92E0D001F322C /* CreatePatientView.swift */,
				2CFF374729ABBB7500981131 /* CreatePatientVM.swift */,
			);
			path = CreatePatient;
			sourceTree = "<group>";
		};
		2C4CD4E529B222A00085F560 /* Cart */ = {
			isa = PBXGroup;
			children = (
				2C4CD4E629B222B90085F560 /* CartView.swift */,
			);
			path = Cart;
			sourceTree = "<group>";
		};
		2C740F8B29A7D2F100F12781 /* CheckingEmail */ = {
			isa = PBXGroup;
			children = (
				2C740F8C29A7D31500F12781 /* CheckingEmailView.swift */,
				2CFF374529AB400700981131 /* CheckingEmailVM.swift */,
				2CFF374E29ABC83700981131 /* CheckingEmailModel.swift */,
			);
			path = CheckingEmail;
			sourceTree = "<group>";
		};
		2C904D0929A695A50061304B /* Onboarding */ = {
			isa = PBXGroup;
			children = (
				2C904D0529A67B320061304B /* OnboardingVM.swift */,
				2C904D0129A677330061304B /* Onboarding.swift */,
			);
			path = Onboarding;
			sourceTree = "<group>";
		};
		2C904D0A29A695BB0061304B /* Common */ = {
			isa = PBXGroup;
			children = (
				2C904D0329A678E20061304B /* Launch Screen.storyboard */,
				2CB571EA29A6507700278688 /* ParentView.swift */,
				2C904D0729A681270061304B /* NavVM.swift */,
				2C30F60829A92EB5001F322C /* tf.swift */,
				2CB571E829A6507700278688 /* ImedicApp.swift */,
				2C209F1029C1B2AF008BEE58 /* PercentageFromScreen.swift */,
			);
			path = Common;
			sourceTree = "<group>";
		};
		2C904D0B29A695D90061304B /* Register_Auth */ = {
			isa = PBXGroup;
			children = (
				2C904D0C29A696290061304B /* Register_Auth.swift */,
				2C904D0E29A696750061304B /* Register_Auth_VM.swift */,
				2CFF374C29ABC15100981131 /* Register_Auth_Model.swift */,
			);
			path = Register_Auth;
			sourceTree = "<group>";
		};
		2CB3437329ACD809008A8716 /* An */ = {
			isa = PBXGroup;
			children = (
				2CFF15FD29AC951800F90A3D /* AnModel.swift */,
				2CB3437829ACD89E008A8716 /* AnView.swift */,
			);
			path = An;
			sourceTree = "<group>";
		};
		2CB3437429ACD81A008A8716 /* Res */ = {
			isa = PBXGroup;
			children = (
				2CE9DE9129C0AF2800D97105 /* ResView.swift */,
			);
			path = Res;
			sourceTree = "<group>";
		};
		2CB3437529ACD827008A8716 /* Sup */ = {
			isa = PBXGroup;
			children = (
				2CE9DE8F29C0AF1700D97105 /* SupView.swift */,
			);
			path = Sup;
			sourceTree = "<group>";
		};
		2CB3437629ACD836008A8716 /* User */ = {
			isa = PBXGroup;
			children = (
				2CB3437C29ACE403008A8716 /* UserView.swift */,
				2C089DDF29B494F3005A2CCE /* UserVM.swift */,
			);
			path = User;
			sourceTree = "<group>";
		};
		2CB3437729ACD85E008A8716 /* Common */ = {
			isa = PBXGroup;
			children = (
				2CFF15F929AC94F800F90A3D /* MainView.swift */,
				2CFF15FB29AC950200F90A3D /* MainVM.swift */,
				2CB3437A29ACD8B2008A8716 /* AnCartVM.swift */,
				2C4CD4E829B22C4C0085F560 /* AnCartParentView.swift */,
				2CE9EFCA29B9F7CD0066C3EA /* CartDataModel.xcdatamodeld */,
				2C562FA629BDB6CC0047774F /* CartPersistenceController.swift */,
			);
			path = Common;
			sourceTree = "<group>";
		};
		2CB571DC29A6507600278688 = {
			isa = PBXGroup;
			children = (
				2CB571E729A6507700278688 /* Imedic */,
				2CB571E629A6507700278688 /* Products */,
			);
			sourceTree = "<group>";
		};
		2CB571E629A6507700278688 /* Products */ = {
			isa = PBXGroup;
			children = (
				2CB571E529A6507700278688 /* Imedic.app */,
			);
			name = Products;
			sourceTree = "<group>";
		};
		2CB571E729A6507700278688 /* Imedic */ = {
			isa = PBXGroup;
			children = (
				2CFF15F829AC94E400F90A3D /* Main */,
				2C30F60529A92DEE001F322C /* CreatePatient */,
				2C30F60029A90511001F322C /* CreatePassword */,
				2C740F8B29A7D2F100F12781 /* CheckingEmail */,
				2C904D0A29A695BB0061304B /* Common */,
				2C904D0929A695A50061304B /* Onboarding */,
				2C904D0B29A695D90061304B /* Register_Auth */,
				2CB571EC29A6507900278688 /* Assets.xcassets */,
				2CB571EE29A6507900278688 /* Preview Content */,
			);
			path = Imedic;
			sourceTree = "<group>";
		};
		2CB571EE29A6507900278688 /* Preview Content */ = {
			isa = PBXGroup;
			children = (
				2CB571EF29A6507900278688 /* Preview Assets.xcassets */,
			);
			path = "Preview Content";
			sourceTree = "<group>";
		};
		2CFF15F829AC94E400F90A3D /* Main */ = {
			isa = PBXGroup;
			children = (
				2C13F32A29BF537500867A49 /* Order */,
				2C2D32AB29BDD17A0091D1C4 /* Preloader */,
				2C4CD4E529B222A00085F560 /* Cart */,
				2CB3437729ACD85E008A8716 /* Common */,
				2CB3437629ACD836008A8716 /* User */,
				2CB3437529ACD827008A8716 /* Sup */,
				2CB3437429ACD81A008A8716 /* Res */,
				2CB3437329ACD809008A8716 /* An */,
			);
			path = Main;
			sourceTree = "<group>";
		};
/* End PBXGroup section */

/* Begin PBXNativeTarget section */
		2CB571E429A6507600278688 /* Imedic */ = {
			isa = PBXNativeTarget;
			buildConfigurationList = 2CB571F329A6507900278688 /* Build configuration list for PBXNativeTarget "Imedic" */;
			buildPhases = (
				2CB571E129A6507600278688 /* Sources */,
				2CB571E229A6507600278688 /* Frameworks */,
				2CB571E329A6507600278688 /* Resources */,
			);
			buildRules = (
			);
			dependencies = (
			);
			name = Imedic;
			packageProductDependencies = (
				2CFF374A29ABC01600981131 /* Alamofire */,
				2CB3437F29ACE69B008A8716 /* SDWebImageSwiftUI */,
			);
			productName = Imedic;
			productReference = 2CB571E529A6507700278688 /* Imedic.app */;
			productType = "com.apple.product-type.application";
		};
/* End PBXNativeTarget section */

/* Begin PBXProject section */
		2CB571DD29A6507600278688 /* Project object */ = {
			isa = PBXProject;
			attributes = {
				BuildIndependentTargetsInParallel = 1;
				LastSwiftUpdateCheck = 1420;
				LastUpgradeCheck = 1420;
				TargetAttributes = {
					2CB571E429A6507600278688 = {
						CreatedOnToolsVersion = 14.2;
					};
				};
			};
			buildConfigurationList = 2CB571E029A6507600278688 /* Build configuration list for PBXProject "Imedic" */;
			compatibilityVersion = "Xcode 14.0";
			developmentRegion = en;
			hasScannedForEncodings = 0;
			knownRegions = (
				en,
				Base,
			);
			mainGroup = 2CB571DC29A6507600278688;
			packageReferences = (
				2CFF374929ABC01600981131 /* XCRemoteSwiftPackageReference "Alamofire" */,
				2CB3437E29ACE69B008A8716 /* XCRemoteSwiftPackageReference "SDWebImageSwiftUI" */,
			);
			productRefGroup = 2CB571E629A6507700278688 /* Products */;
			projectDirPath = "";
			projectRoot = "";
			targets = (
				2CB571E429A6507600278688 /* Imedic */,
			);
		};
/* End PBXProject section */

/* Begin PBXResourcesBuildPhase section */
		2CB571E329A6507600278688 /* Resources */ = {
			isa = PBXResourcesBuildPhase;
			buildActionMask = 2147483647;
			files = (
				2C904D0429A678E20061304B /* Launch Screen.storyboard in Resources */,
				2CB571F029A6507900278688 /* Preview Assets.xcassets in Resources */,
				2CB571ED29A6507900278688 /* Assets.xcassets in Resources */,
			);
			runOnlyForDeploymentPostprocessing = 0;
		};
/* End PBXResourcesBuildPhase section */

/* Begin PBXSourcesBuildPhase section */
		2CB571E129A6507600278688 /* Sources */ = {
			isa = PBXSourcesBuildPhase;
			buildActionMask = 2147483647;
			files = (
				2CFF374829ABBB7500981131 /* CreatePatientVM.swift in Sources */,
				2CE9DE9029C0AF1700D97105 /* SupView.swift in Sources */,
				2C13F32C29BF538800867A49 /* OrderView.swift in Sources */,
				2C904D0229A677330061304B /* Onboarding.swift in Sources */,
				2CFF374629AB400700981131 /* CheckingEmailVM.swift in Sources */,
				2C30F60729A92E0D001F322C /* CreatePatientView.swift in Sources */,
				2CB3437B29ACD8B2008A8716 /* AnCartVM.swift in Sources */,
				2C4CD4E729B222B90085F560 /* CartView.swift in Sources */,
				2CE9EFCC29B9F7CD0066C3EA /* CartDataModel.xcdatamodeld in Sources */,
				2C740F8D29A7D31500F12781 /* CheckingEmailView.swift in Sources */,
				2C13F32E29BF77B100867A49 /* OrderVM.swift in Sources */,
				2C2D32AD29BDD18C0091D1C4 /* PreloaderView.swift in Sources */,
				2C30F60429A90538001F322C /* CreatePasswordVM.swift in Sources */,
				2CFF15FE29AC951800F90A3D /* AnModel.swift in Sources */,
				2C904D0829A681270061304B /* NavVM.swift in Sources */,
				2C562FA729BDB6CC0047774F /* CartPersistenceController.swift in Sources */,
				2CE9DE9229C0AF2800D97105 /* ResView.swift in Sources */,
				2C904D0D29A696290061304B /* Register_Auth.swift in Sources */,
				2CFF374F29ABC83700981131 /* CheckingEmailModel.swift in Sources */,
				2CB3437D29ACE403008A8716 /* UserView.swift in Sources */,
				2CB571EB29A6507700278688 /* ParentView.swift in Sources */,
				2C209F1129C1B2AF008BEE58 /* PercentageFromScreen.swift in Sources */,
				2C904D0F29A696750061304B /* Register_Auth_VM.swift in Sources */,
				2C089DE029B494F3005A2CCE /* UserVM.swift in Sources */,
				2CFF15FA29AC94F800F90A3D /* MainView.swift in Sources */,
				2CB3437929ACD89E008A8716 /* AnView.swift in Sources */,
				2C30F60229A9052C001F322C /* CreatePasswordView.swift in Sources */,
				2C2D32AA29BDD1740091D1C4 /* PreloaderVM.swift in Sources */,
				2CFF15FC29AC950200F90A3D /* MainVM.swift in Sources */,
				2CB571E929A6507700278688 /* ImedicApp.swift in Sources */,
				2CFF374D29ABC15100981131 /* Register_Auth_Model.swift in Sources */,
				2C904D0629A67B320061304B /* OnboardingVM.swift in Sources */,
				2C30F60929A92EB5001F322C /* tf.swift in Sources */,
				2C4CD4E929B22C4C0085F560 /* AnCartParentView.swift in Sources */,
			);
			runOnlyForDeploymentPostprocessing = 0;
		};
/* End PBXSourcesBuildPhase section */

/* Begin XCBuildConfiguration section */
		2CB571F129A6507900278688 /* Debug */ = {
			isa = XCBuildConfiguration;
			buildSettings = {
				ALWAYS_SEARCH_USER_PATHS = NO;
				CLANG_ANALYZER_NONNULL = YES;
				CLANG_ANALYZER_NUMBER_OBJECT_CONVERSION = YES_AGGRESSIVE;
				CLANG_CXX_LANGUAGE_STANDARD = "gnu++20";
				CLANG_ENABLE_MODULES = YES;
				CLANG_ENABLE_OBJC_ARC = YES;
				CLANG_ENABLE_OBJC_WEAK = YES;
				CLANG_WARN_BLOCK_CAPTURE_AUTORELEASING = YES;
				CLANG_WARN_BOOL_CONVERSION = YES;
				CLANG_WARN_COMMA = YES;
				CLANG_WARN_CONSTANT_CONVERSION = YES;
				CLANG_WARN_DEPRECATED_OBJC_IMPLEMENTATIONS = YES;
				CLANG_WARN_DIRECT_OBJC_ISA_USAGE = YES_ERROR;
				CLANG_WARN_DOCUMENTATION_COMMENTS = YES;
				CLANG_WARN_EMPTY_BODY = YES;
				CLANG_WARN_ENUM_CONVERSION = YES;
				CLANG_WARN_INFINITE_RECURSION = YES;
				CLANG_WARN_INT_CONVERSION = YES;
				CLANG_WARN_NON_LITERAL_NULL_CONVERSION = YES;
				CLANG_WARN_OBJC_IMPLICIT_RETAIN_SELF = YES;
				CLANG_WARN_OBJC_LITERAL_CONVERSION = YES;
				CLANG_WARN_OBJC_ROOT_CLASS = YES_ERROR;
				CLANG_WARN_QUOTED_INCLUDE_IN_FRAMEWORK_HEADER = YES;
				CLANG_WARN_RANGE_LOOP_ANALYSIS = YES;
				CLANG_WARN_STRICT_PROTOTYPES = YES;
				CLANG_WARN_SUSPICIOUS_MOVE = YES;
				CLANG_WARN_UNGUARDED_AVAILABILITY = YES_AGGRESSIVE;
				CLANG_WARN_UNREACHABLE_CODE = YES;
				CLANG_WARN__DUPLICATE_METHOD_MATCH = YES;
				COPY_PHASE_STRIP = NO;
				DEBUG_INFORMATION_FORMAT = dwarf;
				ENABLE_STRICT_OBJC_MSGSEND = YES;
				ENABLE_TESTABILITY = YES;
				GCC_C_LANGUAGE_STANDARD = gnu11;
				GCC_DYNAMIC_NO_PIC = NO;
				GCC_NO_COMMON_BLOCKS = YES;
				GCC_OPTIMIZATION_LEVEL = 0;
				GCC_PREPROCESSOR_DEFINITIONS = (
					"DEBUG=1",
					"$(inherited)",
				);
				GCC_WARN_64_TO_32_BIT_CONVERSION = YES;
				GCC_WARN_ABOUT_RETURN_TYPE = YES_ERROR;
				GCC_WARN_UNDECLARED_SELECTOR = YES;
				GCC_WARN_UNINITIALIZED_AUTOS = YES_AGGRESSIVE;
				GCC_WARN_UNUSED_FUNCTION = YES;
				GCC_WARN_UNUSED_VARIABLE = YES;
				IPHONEOS_DEPLOYMENT_TARGET = 16.2;
				MTL_ENABLE_DEBUG_INFO = INCLUDE_SOURCE;
				MTL_FAST_MATH = YES;
				ONLY_ACTIVE_ARCH = YES;
				SDKROOT = iphoneos;
				SWIFT_ACTIVE_COMPILATION_CONDITIONS = DEBUG;
				SWIFT_OPTIMIZATION_LEVEL = "-Onone";
			};
			name = Debug;
		};
		2CB571F229A6507900278688 /* Release */ = {
			isa = XCBuildConfiguration;
			buildSettings = {
				ALWAYS_SEARCH_USER_PATHS = NO;
				CLANG_ANALYZER_NONNULL = YES;
				CLANG_ANALYZER_NUMBER_OBJECT_CONVERSION = YES_AGGRESSIVE;
				CLANG_CXX_LANGUAGE_STANDARD = "gnu++20";
				CLANG_ENABLE_MODULES = YES;
				CLANG_ENABLE_OBJC_ARC = YES;
				CLANG_ENABLE_OBJC_WEAK = YES;
				CLANG_WARN_BLOCK_CAPTURE_AUTORELEASING = YES;
				CLANG_WARN_BOOL_CONVERSION = YES;
				CLANG_WARN_COMMA = YES;
				CLANG_WARN_CONSTANT_CONVERSION = YES;
				CLANG_WARN_DEPRECATED_OBJC_IMPLEMENTATIONS = YES;
				CLANG_WARN_DIRECT_OBJC_ISA_USAGE = YES_ERROR;
				CLANG_WARN_DOCUMENTATION_COMMENTS = YES;
				CLANG_WARN_EMPTY_BODY = YES;
				CLANG_WARN_ENUM_CONVERSION = YES;
				CLANG_WARN_INFINITE_RECURSION = YES;
				CLANG_WARN_INT_CONVERSION = YES;
				CLANG_WARN_NON_LITERAL_NULL_CONVERSION = YES;
				CLANG_WARN_OBJC_IMPLICIT_RETAIN_SELF = YES;
				CLANG_WARN_OBJC_LITERAL_CONVERSION = YES;
				CLANG_WARN_OBJC_ROOT_CLASS = YES_ERROR;
				CLANG_WARN_QUOTED_INCLUDE_IN_FRAMEWORK_HEADER = YES;
				CLANG_WARN_RANGE_LOOP_ANALYSIS = YES;
				CLANG_WARN_STRICT_PROTOTYPES = YES;
				CLANG_WARN_SUSPICIOUS_MOVE = YES;
				CLANG_WARN_UNGUARDED_AVAILABILITY = YES_AGGRESSIVE;
				CLANG_WARN_UNREACHABLE_CODE = YES;
				CLANG_WARN__DUPLICATE_METHOD_MATCH = YES;
				COPY_PHASE_STRIP = NO;
				DEBUG_INFORMATION_FORMAT = "dwarf-with-dsym";
				ENABLE_NS_ASSERTIONS = NO;
				ENABLE_STRICT_OBJC_MSGSEND = YES;
				GCC_C_LANGUAGE_STANDARD = gnu11;
				GCC_NO_COMMON_BLOCKS = YES;
				GCC_WARN_64_TO_32_BIT_CONVERSION = YES;
				GCC_WARN_ABOUT_RETURN_TYPE = YES_ERROR;
				GCC_WARN_UNDECLARED_SELECTOR = YES;
				GCC_WARN_UNINITIALIZED_AUTOS = YES_AGGRESSIVE;
				GCC_WARN_UNUSED_FUNCTION = YES;
				GCC_WARN_UNUSED_VARIABLE = YES;
				IPHONEOS_DEPLOYMENT_TARGET = 16.2;
				MTL_ENABLE_DEBUG_INFO = NO;
				MTL_FAST_MATH = YES;
				SDKROOT = iphoneos;
				SWIFT_COMPILATION_MODE = wholemodule;
				SWIFT_OPTIMIZATION_LEVEL = "-O";
				VALIDATE_PRODUCT = YES;
			};
			name = Release;
		};
		2CB571F429A6507900278688 /* Debug */ = {
			isa = XCBuildConfiguration;
			buildSettings = {
				ASSETCATALOG_COMPILER_APPICON_NAME = AppIcon;
				ASSETCATALOG_COMPILER_GLOBAL_ACCENT_COLOR_NAME = AccentColor;
				CODE_SIGN_STYLE = Automatic;
				CURRENT_PROJECT_VERSION = 1;
				DEVELOPMENT_ASSET_PATHS = "\"Imedic/Preview Content\"";
				DEVELOPMENT_TEAM = N5Q5NU635P;
				ENABLE_PREVIEWS = YES;
				GENERATE_INFOPLIST_FILE = YES;
				INFOPLIST_KEY_UIApplicationSceneManifest_Generation = YES;
				INFOPLIST_KEY_UIApplicationSupportsIndirectInputEvents = YES;
				INFOPLIST_KEY_UILaunchScreen_Generation = YES;
				INFOPLIST_KEY_UILaunchStoryboardName = "Launch Screen.storyboard";
				INFOPLIST_KEY_UISupportedInterfaceOrientations_iPad = "UIInterfaceOrientationPortrait UIInterfaceOrientationPortraitUpsideDown UIInterfaceOrientationLandscapeLeft UIInterfaceOrientationLandscapeRight";
				INFOPLIST_KEY_UISupportedInterfaceOrientations_iPhone = "UIInterfaceOrientationPortrait UIInterfaceOrientationLandscapeLeft UIInterfaceOrientationLandscapeRight";
				IPHONEOS_DEPLOYMENT_TARGET = 14.0;
				LD_RUNPATH_SEARCH_PATHS = (
					"$(inherited)",
					"@executable_path/Frameworks",
				);
				MARKETING_VERSION = 1.0;
				PRODUCT_BUNDLE_IDENTIFIER = a.Imedic;
				PRODUCT_NAME = "$(TARGET_NAME)";
				SWIFT_EMIT_LOC_STRINGS = YES;
				SWIFT_VERSION = 5.0;
				TARGETED_DEVICE_FAMILY = "1,2";
			};
			name = Debug;
		};
		2CB571F529A6507900278688 /* Release */ = {
			isa = XCBuildConfiguration;
			buildSettings = {
				ASSETCATALOG_COMPILER_APPICON_NAME = AppIcon;
				ASSETCATALOG_COMPILER_GLOBAL_ACCENT_COLOR_NAME = AccentColor;
				CODE_SIGN_STYLE = Automatic;
				CURRENT_PROJECT_VERSION = 1;
				DEVELOPMENT_ASSET_PATHS = "\"Imedic/Preview Content\"";
				DEVELOPMENT_TEAM = N5Q5NU635P;
				ENABLE_PREVIEWS = YES;
				GENERATE_INFOPLIST_FILE = YES;
				INFOPLIST_KEY_UIApplicationSceneManifest_Generation = YES;
				INFOPLIST_KEY_UIApplicationSupportsIndirectInputEvents = YES;
				INFOPLIST_KEY_UILaunchScreen_Generation = YES;
				INFOPLIST_KEY_UILaunchStoryboardName = "Launch Screen.storyboard";
				INFOPLIST_KEY_UISupportedInterfaceOrientations_iPad = "UIInterfaceOrientationPortrait UIInterfaceOrientationPortraitUpsideDown UIInterfaceOrientationLandscapeLeft UIInterfaceOrientationLandscapeRight";
				INFOPLIST_KEY_UISupportedInterfaceOrientations_iPhone = "UIInterfaceOrientationPortrait UIInterfaceOrientationLandscapeLeft UIInterfaceOrientationLandscapeRight";
				IPHONEOS_DEPLOYMENT_TARGET = 14.0;
				LD_RUNPATH_SEARCH_PATHS = (
					"$(inherited)",
					"@executable_path/Frameworks",
				);
				MARKETING_VERSION = 1.0;
				PRODUCT_BUNDLE_IDENTIFIER = a.Imedic;
				PRODUCT_NAME = "$(TARGET_NAME)";
				SWIFT_EMIT_LOC_STRINGS = YES;
				SWIFT_VERSION = 5.0;
				TARGETED_DEVICE_FAMILY = "1,2";
			};
			name = Release;
		};
/* End XCBuildConfiguration section */

/* Begin XCConfigurationList section */
		2CB571E029A6507600278688 /* Build configuration list for PBXProject "Imedic" */ = {
			isa = XCConfigurationList;
			buildConfigurations = (
				2CB571F129A6507900278688 /* Debug */,
				2CB571F229A6507900278688 /* Release */,
			);
			defaultConfigurationIsVisible = 0;
			defaultConfigurationName = Release;
		};
		2CB571F329A6507900278688 /* Build configuration list for PBXNativeTarget "Imedic" */ = {
			isa = XCConfigurationList;
			buildConfigurations = (
				2CB571F429A6507900278688 /* Debug */,
				2CB571F529A6507900278688 /* Release */,
			);
			defaultConfigurationIsVisible = 0;
			defaultConfigurationName = Release;
		};
/* End XCConfigurationList section */

/* Begin XCRemoteSwiftPackageReference section */
		2CB3437E29ACE69B008A8716 /* XCRemoteSwiftPackageReference "SDWebImageSwiftUI" */ = {
			isa = XCRemoteSwiftPackageReference;
			repositoryURL = "https://github.com/SDWebImage/SDWebImageSwiftUI.git";
			requirement = {
				branch = master;
				kind = branch;
			};
		};
		2CFF374929ABC01600981131 /* XCRemoteSwiftPackageReference "Alamofire" */ = {
			isa = XCRemoteSwiftPackageReference;
			repositoryURL = "https://github.com/Alamofire/Alamofire";
			requirement = {
				branch = master;
				kind = branch;
			};
		};
/* End XCRemoteSwiftPackageReference section */

/* Begin XCSwiftPackageProductDependency section */
		2CB3437F29ACE69B008A8716 /* SDWebImageSwiftUI */ = {
			isa = XCSwiftPackageProductDependency;
			package = 2CB3437E29ACE69B008A8716 /* XCRemoteSwiftPackageReference "SDWebImageSwiftUI" */;
			productName = SDWebImageSwiftUI;
		};
		2CFF374A29ABC01600981131 /* Alamofire */ = {
			isa = XCSwiftPackageProductDependency;
			package = 2CFF374929ABC01600981131 /* XCRemoteSwiftPackageReference "Alamofire" */;
			productName = Alamofire;
		};
/* End XCSwiftPackageProductDependency section */

/* Begin XCVersionGroup section */
		2CE9EFCA29B9F7CD0066C3EA /* CartDataModel.xcdatamodeld */ = {
			isa = XCVersionGroup;
			children = (
				2CE9EFCB29B9F7CD0066C3EA /* CartDataModel.xcdatamodel */,
			);
			currentVersion = 2CE9EFCB29B9F7CD0066C3EA /* CartDataModel.xcdatamodel */;
			path = CartDataModel.xcdatamodeld;
			sourceTree = "<group>";
			versionGroupType = wrapper.xcdatamodel;
		};
/* End XCVersionGroup section */
	};
	rootObject = 2CB571DD29A6507600278688 /* Project object */;
}
